
Microsoft Visual Studio Solution File, Format Version 12.00
# Visual Studio 2013
VisualStudioVersion = 12.0.30501.0
MinimumVisualStudioVersion = 10.0.40219.1
Project("{FAE04EC0-301F-11D3-BF4B-00C04F79EFBC}") = "WpfApplication4", "WpfApplication4\WpfApplication4.csproj", "{E79A329C-3489-4B27-8A6E-9BFF0CDA925D}"
EndProject
Project("{FAE04EC0-301F-11D3-BF4B-00C04F79EFBC}") = "WpfApplication1", "WpfApplication1\WpfApplication1.csproj", "{A9D5AD76-5672-4FF0-97C2-1EDCB73ED8A8}"
EndProject
Global
	GlobalSection(SolutionConfigurationPlatforms) = preSolution
		Debug|Any CPU = Debug|Any CPU
		Release|Any CPU = Release|Any CPU
	EndGlobalSection
	GlobalSection(ProjectConfigurationPlatforms) = postSolution
		{E79A329C-3489-4B27-8A6E-9BFF0CDA925D}.Debug|Any CPU.ActiveCfg = Debug|Any CPU
		{E79A329C-3489-4B27-8A6E-9BFF0CDA925D}.Debug|Any CPU.Build.0 = Debug|Any CPU
		{E79A329C-3489-4B27-8A6E-9BFF0CDA925D}.Release|Any CPU.ActiveCfg = Release|Any CPU
		{E79A329C-3489-4B27-8A6E-9BFF0CDA925D}.Release|Any CPU.Build.0 = Release|Any CPU
		{A9D5AD76-5672-4FF0-97C2-1EDCB73ED8A8}.Debug|Any CPU.ActiveCfg = Debug|Any CPU
		{A9D5AD76-5672-4FF0-97C2-1EDCB73ED8A8}.Debug|Any CPU.Build.0 = Debug|Any CPU
		{A9D5AD76-5672-4FF0-97C2-1EDCB73ED8A8}.Release|Any CPU.ActiveCfg = Release|Any CPU
		{A9D5AD76-5672-4FF0-97C2-1EDCB73ED8A8}.Release|Any CPU.Build.0 = Release|Any CPU
	EndGlobalSection
	GlobalSection(SolutionProperties) = preSolution
		HideSolutionNode = FALSE
	EndGlobalSection
EndGlobal
